
Microsoft Visual Studio Solution File, Format Version 12.00
# Visual Studio Version 16
VisualStudioVersion = 16.0.32228.343
MinimumVisualStudioVersion = 10.0.40219.1
Project("{FAE04EC0-301F-11D3-BF4B-00C04F79EFBC}") = "MyCalc", "MyCalc.csproj", "{0C06F291-2F59-4EF2-803C-E1E6B4807390}"
EndProject
Global
	GlobalSection(SolutionConfigurationPlatforms) = preSolution
		Debug|Any CPU = Debug|Any CPU
		Release|Any CPU = Release|Any CPU
	EndGlobalSection
	GlobalSection(ProjectConfigurationPlatforms) = postSolution
		{0C06F291-2F59-4EF2-803C-E1E6B4807390}.Debug|Any CPU.ActiveCfg = Debug|Any CPU
		{0C06F291-2F59-4EF2-803C-E1E6B4807390}.Debug|Any CPU.Build.0 = Debug|Any CPU
		{0C06F291-2F59-4EF2-803C-E1E6B4807390}.Release|Any CPU.ActiveCfg = Release|Any CPU
		{0C06F291-2F59-4EF2-803C-E1E6B4807390}.Release|Any CPU.Build.0 = Release|Any CPU
	EndGlobalSection
	GlobalSection(SolutionProperties) = preSolution
		HideSolutionNode = FALSE
	EndGlobalSection
	GlobalSection(ExtensibilityGlobals) = postSolution
		SolutionGuid = {7412CD65-8D23-4453-92FB-5477FBE199D8}
	EndGlobalSection
EndGlobal
